
Microsoft Visual Studio Solution File, Format Version 12.00
# Visual Studio Version 17
VisualStudioVersion = 17.6.33723.286
MinimumVisualStudioVersion = 10.0.40219.1
Project("{9A19103F-16F7-4668-BE54-9A1E7A4F7556}") = "Bogus_MVC_", "Bogus_MVC_.csproj", "{698B5958-5390-43B9-BF8A-47908DF875BD}"
EndProject
Global
	GlobalSection(SolutionConfigurationPlatforms) = preSolution
		Debug|Any CPU = Debug|Any CPU
		Release|Any CPU = Release|Any CPU
	EndGlobalSection
	GlobalSection(ProjectConfigurationPlatforms) = postSolution
		{698B5958-5390-43B9-BF8A-47908DF875BD}.Debug|Any CPU.ActiveCfg = Debug|Any CPU
		{698B5958-5390-43B9-BF8A-47908DF875BD}.Debug|Any CPU.Build.0 = Debug|Any CPU
		{698B5958-5390-43B9-BF8A-47908DF875BD}.Release|Any CPU.ActiveCfg = Release|Any CPU
		{698B5958-5390-43B9-BF8A-47908DF875BD}.Release|Any CPU.Build.0 = Release|Any CPU
	EndGlobalSection
	GlobalSection(SolutionProperties) = preSolution
		HideSolutionNode = FALSE
	EndGlobalSection
	GlobalSection(ExtensibilityGlobals) = postSolution
		SolutionGuid = {F76E73EB-EB53-4FD7-AA27-35B98D430372}
	EndGlobalSection
EndGlobal
